// !$*UTF8*$!
{ archiveVersion = 1; classes = {}; objectVersion = 56; objects = {
1304653AD10498E2B550D682 = { isa = PBXFileReference; lastKnownFileType = sourcecode.swift; path = "Sources/Limits.swift"; sourceTree = "<group>"; };
7E64567ADBF83AC153ECE68A = { isa = PBXBuildFile; fileRef = 1304653AD10498E2B550D682; };
5CB4AFD59DC05625E676BDF2 = { isa = PBXFileReference; lastKnownFileType = sourcecode.swift; path = "Sources/InviteSecret.swift"; sourceTree = "<group>"; };
7B98E84FB269CDA7D467880F = { isa = PBXBuildFile; fileRef = 5CB4AFD59DC05625E676BDF2; };
24C8FF35692E7183E29D28D2 = { isa = PBXFileReference; lastKnownFileType = sourcecode.swift; path = "Sources/FriendsModel.swift"; sourceTree = "<group>"; };
A57D0EE6D9724D6F186ABC3E = { isa = PBXBuildFile; fileRef = 24C8FF35692E7183E29D28D2; };
294E556A972F112232E117C9 = { isa = PBXFileReference; lastKnownFileType = sourcecode.swift; path = "Sources/FriendsScreen.swift"; sourceTree = "<group>"; };
4F93C6DA35E8C9EA536F8541 = { isa = PBXBuildFile; fileRef = 294E556A972F112232E117C9; };
74FB14E83B9158843861E3C5 = { isa = PBXFileReference; lastKnownFileType = sourcecode.swift; path = "Sources/FriendInspector.swift"; sourceTree = "<group>"; };
2433483147B545EBB2F44200 = { isa = PBXBuildFile; fileRef = 74FB14E83B9158843861E3C5; };
DCF0B342837DE6E7783B06EC = { isa = PBXFileReference; lastKnownFileType = sourcecode.swift; path = "Sources/InviteSheet.swift"; sourceTree = "<group>"; };
1917592DC2018BE13193EC06 = { isa = PBXBuildFile; fileRef = DCF0B342837DE6E7783B06EC; };
A53D67FAD6C005CCFCFF8C22 = { isa = PBXFileReference; lastKnownFileType = sourcecode.swift; path = "Sources/Activity.swift"; sourceTree = "<group>"; };
97159D97F086F94A01CF777B = { isa = PBXBuildFile; fileRef = A53D67FAD6C005CCFCFF8C22; };
C2C7624C47F849BA47C61C44 = { isa = PBXFileReference; lastKnownFileType = sourcecode.swift; path = "Sources/ActivityScreen.swift"; sourceTree = "<group>"; };
802559329910C70A679DFCC8 = { isa = PBXBuildFile; fileRef = C2C7624C47F849BA47C61C44; };
43FBFA9BB7ACCA1EEEF7F43E = { isa = PBXFileReference; lastKnownFileType = sourcecode.swift; path = "Sources/SettingsScreen.swift"; sourceTree = "<group>"; };
1773762E2F4CB3933C035438 = { isa = PBXBuildFile; fileRef = 43FBFA9BB7ACCA1EEEF7F43E; };
CF4E33F9C80DD3806FF721E4 = { isa = PBXFileReference; lastKnownFileType = sourcecode.swift; path = "Sources/App.swift"; sourceTree = "<group>"; };
AE548EFAA33574D3DCEABF65 = { isa = PBXBuildFile; fileRef = CF4E33F9C80DD3806FF721E4; };
26ACE81BC84D958FA9DCAAA5 = { isa = PBXFileReference; lastKnownFileType = sourcecode.swift; path = "Sources/Brand.swift"; sourceTree = "<group>"; };
A9E8B0C00103526769800EE5 = { isa = PBXBuildFile; fileRef = 26ACE81BC84D958FA9DCAAA5; };
37A9BC76BCD6D7EB651B5477 = { isa = PBXFileReference; lastKnownFileType = sourcecode.swift; path = "Sources/Capture.swift"; sourceTree = "<group>"; };
6B7EB9B05D0ED498B04C561C = { isa = PBXBuildFile; fileRef = 37A9BC76BCD6D7EB651B5477; };
DC9ABD21C0FEB5DC5A8EAEF5 = { isa = PBXFileReference; lastKnownFileType = sourcecode.swift; path = "Sources/Contract.swift"; sourceTree = "<group>"; };
408C9B96BF3FFE7677035EE3 = { isa = PBXBuildFile; fileRef = DC9ABD21C0FEB5DC5A8EAEF5; };
E459ED42DB51CDE059AE2381 = { isa = PBXFileReference; lastKnownFileType = sourcecode.swift; path = "Sources/Copy.swift"; sourceTree = "<group>"; };
69935B40FC15167164ACA5DB = { isa = PBXBuildFile; fileRef = E459ED42DB51CDE059AE2381; };
42CC110FAB7198BC02C4C9E2 = { isa = PBXFileReference; lastKnownFileType = sourcecode.swift; path = "Sources/FirstRunView.swift"; sourceTree = "<group>"; };
FD65A276BA78D0E3BA32A7F1 = { isa = PBXBuildFile; fileRef = 42CC110FAB7198BC02C4C9E2; };
B223B0D03B08B1FB29C1058E = { isa = PBXFileReference; lastKnownFileType = sourcecode.swift; path = "Sources/Fixtures.swift"; sourceTree = "<group>"; };
53C68C73D1CFCD8B9AFC9937 = { isa = PBXBuildFile; fileRef = B223B0D03B08B1FB29C1058E; };
63AE02EF5357D54C1B2BC73F = { isa = PBXFileReference; lastKnownFileType = sourcecode.swift; path = "Sources/HostModel.swift"; sourceTree = "<group>"; };
CD845F6F74B04F23990D0B13 = { isa = PBXBuildFile; fileRef = 63AE02EF5357D54C1B2BC73F; };
ABEA72E70820BDFD582AE0AC = { isa = PBXFileReference; lastKnownFileType = sourcecode.swift; path = "Sources/MainWindow.swift"; sourceTree = "<group>"; };
88B7F167FFF2D7BFB1B13021 = { isa = PBXBuildFile; fileRef = ABEA72E70820BDFD582AE0AC; };
19C92895FAC83D572D2307FD = { isa = PBXFileReference; lastKnownFileType = sourcecode.swift; path = "Sources/OverviewScreen.swift"; sourceTree = "<group>"; };
14E65736F4061AE1AA4CBCF1 = { isa = PBXBuildFile; fileRef = 19C92895FAC83D572D2307FD; };
7832E9538B4F855A2BB3E990 = { isa = PBXFileReference; lastKnownFileType = sourcecode.swift; path = "Sources/PopoverView.swift"; sourceTree = "<group>"; };
1C09CB207904DB50E506AE68 = { isa = PBXBuildFile; fileRef = 7832E9538B4F855A2BB3E990; };
A8B6C59A81160E080BBF4A1C = { isa = PBXFileReference; lastKnownFileType = sourcecode.swift; path = "Sources/ProcessCLI.swift"; sourceTree = "<group>"; };
002F37A393DD2072CDF09E54 = { isa = PBXBuildFile; fileRef = A8B6C59A81160E080BBF4A1C; };
931B31E6070639C7F51D21DC = { isa = PBXFileReference; lastKnownFileType = sourcecode.swift; path = "Sources/WatchStream.swift"; sourceTree = "<group>"; };
02651CFA26FA92718723387A = { isa = PBXBuildFile; fileRef = 931B31E6070639C7F51D21DC; };
FE38FEA7CAD15ABC685A70A6 = { isa = PBXFileReference; lastKnownFileType = sourcecode.swift; path = "Tests/CadenceTests.swift"; sourceTree = "<group>"; };
279EDE18376399FC2B0075A1 = { isa = PBXBuildFile; fileRef = FE38FEA7CAD15ABC685A70A6; };
483775C94A06A2EEFCBA2D4E = { isa = PBXFileReference; lastKnownFileType = sourcecode.swift; path = "Tests/SecretHygieneTests.swift"; sourceTree = "<group>"; };
CDF7735E265872DCC0251E5F = { isa = PBXBuildFile; fileRef = 483775C94A06A2EEFCBA2D4E; };
33DD529044B21659F7F7C13D = { isa = PBXFileReference; lastKnownFileType = sourcecode.swift; path = "Tests/ActivityTests.swift"; sourceTree = "<group>"; };
68637819897DA4195E1BF10D = { isa = PBXBuildFile; fileRef = 33DD529044B21659F7F7C13D; };
7845F745DCF89400CFB80268 = { isa = PBXFileReference; lastKnownFileType = sourcecode.swift; path = "Tests/LayoutBudgetTests.swift"; sourceTree = "<group>"; };
EA246DB946987866AA79E8CB = { isa = PBXBuildFile; fileRef = 7845F745DCF89400CFB80268; };
7CDD0E3E8540A9EDCECD53F6 = { isa = PBXFileReference; lastKnownFileType = sourcecode.swift; path = "Tests/ContractTests.swift"; sourceTree = "<group>"; };
B3DB00D5B3DEA695F27A67B0 = { isa = PBXBuildFile; fileRef = 7CDD0E3E8540A9EDCECD53F6; };
D019AE10464DE1957406860E = { isa = PBXFileReference; lastKnownFileType = file; path = "Resources/Copy.json"; sourceTree = "<group>"; };
ABE75EF512C7C4C9C6370205 = { isa = PBXBuildFile; fileRef = D019AE10464DE1957406860E; };
9EB6844C9474EA37D884816C = { isa = PBXFileReference; lastKnownFileType = folder; path = "Resources/Fixtures"; sourceTree = "<group>"; };
E22871E382C8A518C7448827 = { isa = PBXBuildFile; fileRef = 9EB6844C9474EA37D884816C; };
9C17479C5C77B4ED20621B4F = { isa = PBXFileReference; lastKnownFileType = file; path = "Resources/IBMPlexMono-Regular.ttf"; sourceTree = "<group>"; };
F7C715E53F3B6D33EDBEBA99 = { isa = PBXBuildFile; fileRef = 9C17479C5C77B4ED20621B4F; };
4739E652C7B7F70B6CCD955B = { isa = PBXFileReference; lastKnownFileType = file; path = "Resources/LICENSE-IBMPlexMono.txt"; sourceTree = "<group>"; };
9BBDFB7E81ECC07D8219AE5F = { isa = PBXBuildFile; fileRef = 4739E652C7B7F70B6CCD955B; };
84337AD8D27FCD69AF2C4FC2 = { isa = PBXFileReference; explicitFileType = wrapper.application; path = Infercat.app; sourceTree = BUILT_PRODUCTS_DIR; };
DFDED23FA58339F9273F6C84 = { isa = PBXFileReference; explicitFileType = wrapper.cfbundle; path = InfercatMacTests.xctest; sourceTree = BUILT_PRODUCTS_DIR; };
518DA81DB9B99529C0C0AEBE = { isa = PBXGroup; children = (CF4E33F9C80DD3806FF721E4,43FBFA9BB7ACCA1EEEF7F43E,C2C7624C47F849BA47C61C44,A53D67FAD6C005CCFCFF8C22,DCF0B342837DE6E7783B06EC,74FB14E83B9158843861E3C5,294E556A972F112232E117C9,24C8FF35692E7183E29D28D2,5CB4AFD59DC05625E676BDF2,1304653AD10498E2B550D682,26ACE81BC84D958FA9DCAAA5,37A9BC76BCD6D7EB651B5477,DC9ABD21C0FEB5DC5A8EAEF5,E459ED42DB51CDE059AE2381,42CC110FAB7198BC02C4C9E2,B223B0D03B08B1FB29C1058E,63AE02EF5357D54C1B2BC73F,ABEA72E70820BDFD582AE0AC,19C92895FAC83D572D2307FD,7832E9538B4F855A2BB3E990,A8B6C59A81160E080BBF4A1C,931B31E6070639C7F51D21DC,7CDD0E3E8540A9EDCECD53F6,7845F745DCF89400CFB80268,33DD529044B21659F7F7C13D,483775C94A06A2EEFCBA2D4E,FE38FEA7CAD15ABC685A70A6,D019AE10464DE1957406860E,9EB6844C9474EA37D884816C,9C17479C5C77B4ED20621B4F,4739E652C7B7F70B6CCD955B,84337AD8D27FCD69AF2C4FC2,DFDED23FA58339F9273F6C84,); sourceTree = "<group>"; };
67281B94473E6F647EB8E42B = { isa = PBXSourcesBuildPhase; buildActionMask = 2147483647; files = (AE548EFAA33574D3DCEABF65,1773762E2F4CB3933C035438,802559329910C70A679DFCC8,97159D97F086F94A01CF777B,1917592DC2018BE13193EC06,2433483147B545EBB2F44200,4F93C6DA35E8C9EA536F8541,A57D0EE6D9724D6F186ABC3E,7B98E84FB269CDA7D467880F,7E64567ADBF83AC153ECE68A,A9E8B0C00103526769800EE5,6B7EB9B05D0ED498B04C561C,408C9B96BF3FFE7677035EE3,69935B40FC15167164ACA5DB,FD65A276BA78D0E3BA32A7F1,53C68C73D1CFCD8B9AFC9937,CD845F6F74B04F23990D0B13,88B7F167FFF2D7BFB1B13021,14E65736F4061AE1AA4CBCF1,1C09CB207904DB50E506AE68,002F37A393DD2072CDF09E54,02651CFA26FA92718723387A,); runOnlyForDeploymentPostprocessing = 0; };
786893EE874C58D0F06A97ED = { isa = PBXSourcesBuildPhase; buildActionMask = 2147483647; files = (B3DB00D5B3DEA695F27A67B0,EA246DB946987866AA79E8CB,68637819897DA4195E1BF10D,CDF7735E265872DCC0251E5F,279EDE18376399FC2B0075A1,); runOnlyForDeploymentPostprocessing = 0; };
3BD34C48B5C5280A6979C3A1 = { isa = PBXResourcesBuildPhase; buildActionMask = 2147483647; files = (ABE75EF512C7C4C9C6370205,E22871E382C8A518C7448827,F7C715E53F3B6D33EDBEBA99,9BBDFB7E81ECC07D8219AE5F,); runOnlyForDeploymentPostprocessing = 0; };
7CC421A1DDB28E78FC2224AF = { isa = PBXFrameworksBuildPhase; buildActionMask = 2147483647; files = (); runOnlyForDeploymentPostprocessing = 0; };
5FEA283755AD6B6F32245425 = { isa = PBXShellScriptBuildPhase; name = "Bundle the infercat CLI"; buildActionMask = 2147483647; files = (); inputPaths = (); outputPaths = (); runOnlyForDeploymentPostprocessing = 0; shellPath = /bin/sh; shellScript = "set -eu\n# The app bundles its own copy of the CLI; it is never resolved through PATH.\ndest=\"$TARGET_BUILD_DIR/$CONTENTS_FOLDER_PATH/Helpers\"\nmkdir -p \"$dest\"\nif [ -n \"${INFERCAT_CLI_BINARY:-}\" ]; then\n  cp \"$INFERCAT_CLI_BINARY\" \"$dest/infercat\"\nelse\n  cd \"$SRCROOT/../..\"\n  export MACOSX_DEPLOYMENT_TARGET=14.0\n  export PATH=\"/opt/homebrew/bin:/usr/local/go/bin:/usr/local/bin:$PATH\"\n  go build -o \"$dest/infercat\" ./cmd/infercat\nfi\n"; alwaysOutOfDate = 1; };
19E998FD45A785821380529C = { isa = XCBuildConfiguration; name = Debug; buildSettings = {SWIFT_VERSION = "6.0"; MACOSX_DEPLOYMENT_TARGET = "14.0"; CODE_SIGNING_ALLOWED = "NO"; CLANG_ENABLE_MODULES = "YES"; ENABLE_USER_SCRIPT_SANDBOXING = "NO"; SDKROOT = "macosx"; SWIFT_STRICT_CONCURRENCY = "complete"; ENABLE_TESTABILITY = "YES"; SWIFT_OPTIMIZATION_LEVEL = "-Onone"; }; };
4B7AAAB1A4C6A13BEFE90431 = { isa = XCBuildConfiguration; name = Release; buildSettings = {SWIFT_VERSION = "6.0"; MACOSX_DEPLOYMENT_TARGET = "14.0"; CODE_SIGNING_ALLOWED = "NO"; CLANG_ENABLE_MODULES = "YES"; ENABLE_USER_SCRIPT_SANDBOXING = "NO"; SDKROOT = "macosx"; SWIFT_STRICT_CONCURRENCY = "complete"; ENABLE_TESTABILITY = "YES"; SWIFT_OPTIMIZATION_LEVEL = "-O"; }; };
AE883439A53704486338BDB1 = { isa = XCConfigurationList; buildConfigurations = (19E998FD45A785821380529C,4B7AAAB1A4C6A13BEFE90431,); defaultConfigurationIsVisible = 0; defaultConfigurationName = Release; };
0223E8DD81134A870F51F7C9 = { isa = XCBuildConfiguration; name = Debug; buildSettings = {SWIFT_VERSION = "6.0"; MACOSX_DEPLOYMENT_TARGET = "14.0"; CODE_SIGNING_ALLOWED = "NO"; CLANG_ENABLE_MODULES = "YES"; ENABLE_USER_SCRIPT_SANDBOXING = "NO"; SDKROOT = "macosx"; SWIFT_STRICT_CONCURRENCY = "complete"; ENABLE_TESTABILITY = "YES"; SWIFT_OPTIMIZATION_LEVEL = "-Onone"; PRODUCT_NAME = "Infercat"; PRODUCT_MODULE_NAME = "InfercatMac"; PRODUCT_BUNDLE_IDENTIFIER = "ai.infercat.mac"; INFOPLIST_FILE = "Info.plist"; LD_RUNPATH_SEARCH_PATHS = "$(inherited) @executable_path/../Frameworks";}; };
F77A6D52A4AAA2C60D4D149C = { isa = XCBuildConfiguration; name = Release; buildSettings = {SWIFT_VERSION = "6.0"; MACOSX_DEPLOYMENT_TARGET = "14.0"; CODE_SIGNING_ALLOWED = "NO"; CLANG_ENABLE_MODULES = "YES"; ENABLE_USER_SCRIPT_SANDBOXING = "NO"; SDKROOT = "macosx"; SWIFT_STRICT_CONCURRENCY = "complete"; ENABLE_TESTABILITY = "YES"; SWIFT_OPTIMIZATION_LEVEL = "-O"; PRODUCT_NAME = "Infercat"; PRODUCT_MODULE_NAME = "InfercatMac"; PRODUCT_BUNDLE_IDENTIFIER = "ai.infercat.mac"; INFOPLIST_FILE = "Info.plist"; LD_RUNPATH_SEARCH_PATHS = "$(inherited) @executable_path/../Frameworks";}; };
D4CB0E4AA83B40D38FF8F334 = { isa = XCConfigurationList; buildConfigurations = (0223E8DD81134A870F51F7C9,F77A6D52A4AAA2C60D4D149C,); defaultConfigurationIsVisible = 0; defaultConfigurationName = Release; };
C18FD368884084C090DFD7B9 = { isa = XCBuildConfiguration; name = Debug; buildSettings = {SWIFT_VERSION = "6.0"; MACOSX_DEPLOYMENT_TARGET = "14.0"; CODE_SIGNING_ALLOWED = "NO"; CLANG_ENABLE_MODULES = "YES"; ENABLE_USER_SCRIPT_SANDBOXING = "NO"; SDKROOT = "macosx"; SWIFT_STRICT_CONCURRENCY = "complete"; ENABLE_TESTABILITY = "YES"; SWIFT_OPTIMIZATION_LEVEL = "-Onone"; PRODUCT_NAME = "InfercatMacTests"; PRODUCT_BUNDLE_IDENTIFIER = "ai.infercat.mac.tests"; GENERATE_INFOPLIST_FILE = "YES"; TEST_HOST = "$(BUILT_PRODUCTS_DIR)/Infercat.app/Contents/MacOS/Infercat"; BUNDLE_LOADER = "$(TEST_HOST)"; LD_RUNPATH_SEARCH_PATHS = "$(inherited) @loader_path/../Frameworks @executable_path/../Frameworks";}; };
96A9721EF790E9CB59A7D899 = { isa = XCBuildConfiguration; name = Release; buildSettings = {SWIFT_VERSION = "6.0"; MACOSX_DEPLOYMENT_TARGET = "14.0"; CODE_SIGNING_ALLOWED = "NO"; CLANG_ENABLE_MODULES = "YES"; ENABLE_USER_SCRIPT_SANDBOXING = "NO"; SDKROOT = "macosx"; SWIFT_STRICT_CONCURRENCY = "complete"; ENABLE_TESTABILITY = "YES"; SWIFT_OPTIMIZATION_LEVEL = "-O"; PRODUCT_NAME = "InfercatMacTests"; PRODUCT_BUNDLE_IDENTIFIER = "ai.infercat.mac.tests"; GENERATE_INFOPLIST_FILE = "YES"; TEST_HOST = "$(BUILT_PRODUCTS_DIR)/Infercat.app/Contents/MacOS/Infercat"; BUNDLE_LOADER = "$(TEST_HOST)"; LD_RUNPATH_SEARCH_PATHS = "$(inherited) @loader_path/../Frameworks @executable_path/../Frameworks";}; };
8C4F6857846669CCC6D534D4 = { isa = XCConfigurationList; buildConfigurations = (C18FD368884084C090DFD7B9,96A9721EF790E9CB59A7D899,); defaultConfigurationIsVisible = 0; defaultConfigurationName = Release; };
E3435DDA2687639586BF0B70 = { isa = PBXNativeTarget; buildConfigurationList = D4CB0E4AA83B40D38FF8F334; buildPhases = (67281B94473E6F647EB8E42B,7CC421A1DDB28E78FC2224AF,3BD34C48B5C5280A6979C3A1,5FEA283755AD6B6F32245425,); buildRules = (); dependencies = (); name = Infercat; productName = Infercat; productReference = 84337AD8D27FCD69AF2C4FC2; productType = "com.apple.product-type.application"; };
431387EB7262E1CFC79B125E = { isa = PBXContainerItemProxy; containerPortal = 46F86FAA6BBF9AC94A7E4595; proxyType = 1; remoteGlobalIDString = E3435DDA2687639586BF0B70; remoteInfo = Infercat; };
2254342BECCEAFBD04538E0A = { isa = PBXTargetDependency; target = E3435DDA2687639586BF0B70; targetProxy = 431387EB7262E1CFC79B125E; };
A700229C3AC2DAE057FE5B27 = { isa = PBXNativeTarget; buildConfigurationList = 8C4F6857846669CCC6D534D4; buildPhases = (786893EE874C58D0F06A97ED,); buildRules = (); dependencies = (2254342BECCEAFBD04538E0A,); name = InfercatMacTests; productName = InfercatMacTests; productReference = DFDED23FA58339F9273F6C84; productType = "com.apple.product-type.bundle.unit-test"; };
46F86FAA6BBF9AC94A7E4595 = { isa = PBXProject; attributes = {LastUpgradeCheck = 2700;}; buildConfigurationList = AE883439A53704486338BDB1; compatibilityVersion = "Xcode 14.0"; developmentRegion = en; hasScannedForEncodings = 0; knownRegions = (en,Base,zh); mainGroup = 518DA81DB9B99529C0C0AEBE; projectDirPath = ""; projectRoot = ""; targets = (E3435DDA2687639586BF0B70,A700229C3AC2DAE057FE5B27,); };
}; rootObject = 46F86FAA6BBF9AC94A7E4595; }
